
Microsoft Visual Studio Solution File, Format Version 12.00
# Visual Studio 15
VisualStudioVersion = 15.0.27004.2005
MinimumVisualStudioVersion = 10.0.40219.1
Project("{FAE04EC0-301F-11D3-BF4B-00C04F79EFBC}") = "MasterMind_bc", "MasterMind_bc\MasterMind_bc.csproj", "{780BC3B3-A1E5-41ED-A24E-EFE6714F6FEF}"
EndProject
Global
	GlobalSection(SolutionConfigurationPlatforms) = preSolution
		Debug|Any CPU = Debug|Any CPU
		Release|Any CPU = Release|Any CPU
	EndGlobalSection
	GlobalSection(ProjectConfigurationPlatforms) = postSolution
		{780BC3B3-A1E5-41ED-A24E-EFE6714F6FEF}.Debug|Any CPU.ActiveCfg = Debug|Any CPU
		{780BC3B3-A1E5-41ED-A24E-EFE6714F6FEF}.Debug|Any CPU.Build.0 = Debug|Any CPU
		{780BC3B3-A1E5-41ED-A24E-EFE6714F6FEF}.Release|Any CPU.ActiveCfg = Release|Any CPU
		{780BC3B3-A1E5-41ED-A24E-EFE6714F6FEF}.Release|Any CPU.Build.0 = Release|Any CPU
	EndGlobalSection
	GlobalSection(SolutionProperties) = preSolution
		HideSolutionNode = FALSE
	EndGlobalSection
	GlobalSection(ExtensibilityGlobals) = postSolution
		SolutionGuid = {FEF12C2C-24E4-4B4B-AA60-4383C05CBD7C}
	EndGlobalSection
EndGlobal
